
Microsoft Visual Studio Solution File, Format Version 12.00
# Visual Studio Version 16
VisualStudioVersion = 16.0.32428.217
MinimumVisualStudioVersion = 10.0.40219.1
Project("{FC65038C-1B2F-41E1-A629-BED71D161FFF}") = "NDMockTests (ISV) [Fleet Management]", "NDMockTests\NDMockTests.rnrproj", "{25217692-D657-4563-94A3-46321EC7A2DE}"
EndProject
Global
	GlobalSection(SolutionConfigurationPlatforms) = preSolution
		Debug|Any CPU = Debug|Any CPU
	EndGlobalSection
	GlobalSection(ProjectConfigurationPlatforms) = postSolution
		{25217692-D657-4563-94A3-46321EC7A2DE}.Debug|Any CPU.ActiveCfg = Debug|Any CPU
		{25217692-D657-4563-94A3-46321EC7A2DE}.Debug|Any CPU.Build.0 = Debug|Any CPU
	EndGlobalSection
	GlobalSection(SolutionProperties) = preSolution
		HideSolutionNode = FALSE
	EndGlobalSection
	GlobalSection(ExtensibilityGlobals) = postSolution
		SolutionGuid = {E2042A0E-F792-4E8C-9668-17CA70E46F74}
	EndGlobalSection
EndGlobal
